// !$*UTF8*$!
{
	archiveVersion = 1;
	classes = {
	};
	objectVersion = 50;
	objects = {

/* Begin PBXBuildFile section */
		FA5444FB235343E8008A6635 /* AppDelegate.swift in Sources */ = {isa = PBXBuildFile; fileRef = FA5444FA235343E8008A6635 /* AppDelegate.swift */; };
		FA5444FD235343E8008A6635 /* SceneDelegate.swift in Sources */ = {isa = PBXBuildFile; fileRef = FA5444FC235343E8008A6635 /* SceneDelegate.swift */; };
		FA5444FF235343E8008A6635 /* ViewController.swift in Sources */ = {isa = PBXBuildFile; fileRef = FA5444FE235343E8008A6635 /* ViewController.swift */; };
		FA544502235343E8008A6635 /* Main.storyboard in Resources */ = {isa = PBXBuildFile; fileRef = FA544500235343E8008A6635 /* Main.storyboard */; };
		FA544505235343E8008A6635 /* Cinema.xcdatamodeld in Sources */ = {isa = PBXBuildFile; fileRef = FA544503235343E8008A6635 /* Cinema.xcdatamodeld */; };
		FA544507235343EA008A6635 /* Assets.xcassets in Resources */ = {isa = PBXBuildFile; fileRef = FA544506235343EA008A6635 /* Assets.xcassets */; };
		FA54450A235343EA008A6635 /* LaunchScreen.storyboard in Resources */ = {isa = PBXBuildFile; fileRef = FA544508235343EA008A6635 /* LaunchScreen.storyboard */; };
		FA544515235343EA008A6635 /* CinemaTests.swift in Sources */ = {isa = PBXBuildFile; fileRef = FA544514235343EA008A6635 /* CinemaTests.swift */; };
		FA544520235343EA008A6635 /* CinemaUITests.swift in Sources */ = {isa = PBXBuildFile; fileRef = FA54451F235343EA008A6635 /* CinemaUITests.swift */; };
/* End PBXBuildFile section */

/* Begin PBXContainerItemProxy section */
		FA544511235343EA008A6635 /* PBXContainerItemProxy */ = {
			isa = PBXContainerItemProxy;
			containerPortal = FA5444EF235343E8008A6635 /* Project object */;
			proxyType = 1;
			remoteGlobalIDString = FA5444F6235343E8008A6635;
			remoteInfo = Cinema;
		};
		FA54451C235343EA008A6635 /* PBXContainerItemProxy */ = {
			isa = PBXContainerItemProxy;
			containerPortal = FA5444EF235343E8008A6635 /* Project object */;
			proxyType = 1;
			remoteGlobalIDString = FA5444F6235343E8008A6635;
			remoteInfo = Cinema;
		};
/* End PBXContainerItemProxy section */

/* Begin PBXFileReference section */
		FA5444F7235343E8008A6635 /* Cinema.app */ = {isa = PBXFileReference; explicitFileType = wrapper.application; includeInIndex = 0; path = Cinema.app; sourceTree = BUILT_PRODUCTS_DIR; };
		FA5444FA235343E8008A6635 /* AppDelegate.swift */ = {isa = PBXFileReference; lastKnownFileType = sourcecode.swift; path = AppDelegate.swift; sourceTree = "<group>"; };
		FA5444FC235343E8008A6635 /* SceneDelegate.swift */ = {isa = PBXFileReference; lastKnownFileType = sourcecode.swift; path = SceneDelegate.swift; sourceTree = "<group>"; };
		FA5444FE235343E8008A6635 /* ViewController.swift */ = {isa = PBXFileReference; lastKnownFileType = sourcecode.swift; path = ViewController.swift; sourceTree = "<group>"; };
		FA544501235343E8008A6635 /* Base */ = {isa = PBXFileReference; lastKnownFileType = file.storyboard; name = Base; path = Base.lproj/Main.storyboard; sourceTree = "<group>"; };
		FA544504235343E8008A6635 /* Cinema.xcdatamodel */ = {isa = PBXFileReference; lastKnownFileType = wrapper.xcdatamodel; path = Cinema.xcdatamodel; sourceTree = "<group>"; };
		FA544506235343EA008A6635 /* Assets.xcassets */ = {isa = PBXFileReference; lastKnownFileType = folder.assetcatalog; path = Assets.xcassets; sourceTree = "<group>"; };
		FA544509235343EA008A6635 /* Base */ = {isa = PBXFileReference; lastKnownFileType = file.storyboard; name = Base; path = Base.lproj/LaunchScreen.storyboard; sourceTree = "<group>"; };
		FA54450B235343EA008A6635 /* Info.plist */ = {isa = PBXFileReference; lastKnownFileType = text.plist.xml; path = Info.plist; sourceTree = "<group>"; };
		FA544510235343EA008A6635 /* CinemaTests.xctest */ = {isa = PBXFileReference; explicitFileType = wrapper.cfbundle; includeInIndex = 0; path = CinemaTests.xctest; sourceTree = BUILT_PRODUCTS_DIR; };
		FA544514235343EA008A6635 /* CinemaTests.swift */ = {isa = PBXFileReference; lastKnownFileType = sourcecode.swift; path = CinemaTests.swift; sourceTree = "<group>"; };
		FA544516235343EA008A6635 /* Info.plist */ = {isa = PBXFileReference; lastKnownFileType = text.plist.xml; path = Info.plist; sourceTree = "<group>"; };
		FA54451B235343EA008A6635 /* CinemaUITests.xctest */ = {isa = PBXFileReference; explicitFileType = wrapper.cfbundle; includeInIndex = 0; path = CinemaUITests.xctest; sourceTree = BUILT_PRODUCTS_DIR; };
		FA54451F235343EA008A6635 /* CinemaUITests.swift */ = {isa = PBXFileReference; lastKnownFileType = sourcecode.swift; path = CinemaUITests.swift; sourceTree = "<group>"; };
		FA544521235343EA008A6635 /* Info.plist */ = {isa = PBXFileReference; lastKnownFileType = text.plist.xml; path = Info.plist; sourceTree = "<group>"; };
/* End PBXFileReference section */

/* Begin PBXFrameworksBuildPhase section */
		FA5444F4235343E8008A6635 /* Frameworks */ = {
			isa = PBXFrameworksBuildPhase;
			buildActionMask = 2147483647;
			files = (
			);
			runOnlyForDeploymentPostprocessing = 0;
		};
		FA54450D235343EA008A6635 /* Frameworks */ = {
			isa = PBXFrameworksBuildPhase;
			buildActionMask = 2147483647;
			files = (
			);
			runOnlyForDeploymentPostprocessing = 0;
		};
		FA544518235343EA008A6635 /* Frameworks */ = {
			isa = PBXFrameworksBuildPhase;
			buildActionMask = 2147483647;
			files = (
			);
			runOnlyForDeploymentPostprocessing = 0;
		};
/* End PBXFrameworksBuildPhase section */

/* Begin PBXGroup section */
		FA5444EE235343E8008A6635 = {
			isa = PBXGroup;
			children = (
				FA5444F9235343E8008A6635 /* Cinema */,
				FA544513235343EA008A6635 /* CinemaTests */,
				FA54451E235343EA008A6635 /* CinemaUITests */,
				FA5444F8235343E8008A6635 /* Products */,
			);
			sourceTree = "<group>";
		};
		FA5444F8235343E8008A6635 /* Products */ = {
			isa = PBXGroup;
			children = (
				FA5444F7235343E8008A6635 /* Cinema.app */,
				FA544510235343EA008A6635 /* CinemaTests.xctest */,
				FA54451B235343EA008A6635 /* CinemaUITests.xctest */,
			);
			name = Products;
			sourceTree = "<group>";
		};
		FA5444F9235343E8008A6635 /* Cinema */ = {
			isa = PBXGroup;
			children = (
				FA5444FA235343E8008A6635 /* AppDelegate.swift */,
				FA5444FC235343E8008A6635 /* SceneDelegate.swift */,
				FA5444FE235343E8008A6635 /* ViewController.swift */,
				FA544500235343E8008A6635 /* Main.storyboard */,
				FA544506235343EA008A6635 /* Assets.xcassets */,
				FA544508235343EA008A6635 /* LaunchScreen.storyboard */,
				FA54450B235343EA008A6635 /* Info.plist */,
				FA544503235343E8008A6635 /* Cinema.xcdatamodeld */,
			);
			path = Cinema;
			sourceTree = "<group>";
		};
		FA544513235343EA008A6635 /* CinemaTests */ = {
			isa = PBXGroup;
			children = (
				FA544514235343EA008A6635 /* CinemaTests.swift */,
				FA544516235343EA008A6635 /* Info.plist */,
			);
			path = CinemaTests;
			sourceTree = "<group>";
		};
		FA54451E235343EA008A6635 /* CinemaUITests */ = {
			isa = PBXGroup;
			children = (
				FA54451F235343EA008A6635 /* CinemaUITests.swift */,
				FA544521235343EA008A6635 /* Info.plist */,
			);
			path = CinemaUITests;
			sourceTree = "<group>";
		};
/* End PBXGroup section */

/* Begin PBXNativeTarget section */
		FA5444F6235343E8008A6635 /* Cinema */ = {
			isa = PBXNativeTarget;
			buildConfigurationList = FA544524235343EA008A6635 /* Build configuration list for PBXNativeTarget "Cinema" */;
			buildPhases = (
				FA5444F3235343E8008A6635 /* Sources */,
				FA5444F4235343E8008A6635 /* Frameworks */,
				FA5444F5235343E8008A6635 /* Resources */,
			);
			buildRules = (
			);
			dependencies = (
			);
			name = Cinema;
			productName = Cinema;
			productReference = FA5444F7235343E8008A6635 /* Cinema.app */;
			productType = "com.apple.product-type.application";
		};
		FA54450F235343EA008A6635 /* CinemaTests */ = {
			isa = PBXNativeTarget;
			buildConfigurationList = FA544527235343EA008A6635 /* Build configuration list for PBXNativeTarget "CinemaTests" */;
			buildPhases = (
				FA54450C235343EA008A6635 /* Sources */,
				FA54450D235343EA008A6635 /* Frameworks */,
				FA54450E235343EA008A6635 /* Resources */,
			);
			buildRules = (
			);
			dependencies = (
				FA544512235343EA008A6635 /* PBXTargetDependency */,
			);
			name = CinemaTests;
			productName = CinemaTests;
			productReference = FA544510235343EA008A6635 /* CinemaTests.xctest */;
			productType = "com.apple.product-type.bundle.unit-test";
		};
		FA54451A235343EA008A6635 /* CinemaUITests */ = {
			isa = PBXNativeTarget;
			buildConfigurationList = FA54452A235343EA008A6635 /* Build configuration list for PBXNativeTarget "CinemaUITests" */;
			buildPhases = (
				FA544517235343EA008A6635 /* Sources */,
				FA544518235343EA008A6635 /* Frameworks */,
				FA544519235343EA008A6635 /* Resources */,
			);
			buildRules = (
			);
			dependencies = (
				FA54451D235343EA008A6635 /* PBXTargetDependency */,
			);
			name = CinemaUITests;
			productName = CinemaUITests;
			productReference = FA54451B235343EA008A6635 /* CinemaUITests.xctest */;
			productType = "com.apple.product-type.bundle.ui-testing";
		};
/* End PBXNativeTarget section */

/* Begin PBXProject section */
		FA5444EF235343E8008A6635 /* Project object */ = {
			isa = PBXProject;
			attributes = {
				LastSwiftUpdateCheck = 1100;
				LastUpgradeCheck = 1100;
				ORGANIZATIONNAME = Alex;
				TargetAttributes = {
					FA5444F6235343E8008A6635 = {
						CreatedOnToolsVersion = 11.0;
					};
					FA54450F235343EA008A6635 = {
						CreatedOnToolsVersion = 11.0;
						TestTargetID = FA5444F6235343E8008A6635;
					};
					FA54451A235343EA008A6635 = {
						CreatedOnToolsVersion = 11.0;
						TestTargetID = FA5444F6235343E8008A6635;
					};
				};
			};
			buildConfigurationList = FA5444F2235343E8008A6635 /* Build configuration list for PBXProject "Cinema" */;
			compatibilityVersion = "Xcode 9.3";
			developmentRegion = en;
			hasScannedForEncodings = 0;
			knownRegions = (
				en,
				Base,
			);
			mainGroup = FA5444EE235343E8008A6635;
			productRefGroup = FA5444F8235343E8008A6635 /* Products */;
			projectDirPath = "";
			projectRoot = "";
			targets = (
				FA5444F6235343E8008A6635 /* Cinema */,
				FA54450F235343EA008A6635 /* CinemaTests */,
				FA54451A235343EA008A6635 /* CinemaUITests */,
			);
		};
/* End PBXProject section */

/* Begin PBXResourcesBuildPhase section */
		FA5444F5235343E8008A6635 /* Resources */ = {
			isa = PBXResourcesBuildPhase;
			buildActionMask = 2147483647;
			files = (
				FA54450A235343EA008A6635 /* LaunchScreen.storyboard in Resources */,
				FA544507235343EA008A6635 /* Assets.xcassets in Resources */,
				FA544502235343E8008A6635 /* Main.storyboard in Resources */,
			);
			runOnlyForDeploymentPostprocessing = 0;
		};
		FA54450E235343EA008A6635 /* Resources */ = {
			isa = PBXResourcesBuildPhase;
			buildActionMask = 2147483647;
			files = (
			);
			runOnlyForDeploymentPostprocessing = 0;
		};
		FA544519235343EA008A6635 /* Resources */ = {
			isa = PBXResourcesBuildPhase;
			buildActionMask = 2147483647;
			files = (
			);
			runOnlyForDeploymentPostprocessing = 0;
		};
/* End PBXResourcesBuildPhase section */

/* Begin PBXSourcesBuildPhase section */
		FA5444F3235343E8008A6635 /* Sources */ = {
			isa = PBXSourcesBuildPhase;
			buildActionMask = 2147483647;
			files = (
				FA544505235343E8008A6635 /* Cinema.xcdatamodeld in Sources */,
				FA5444FF235343E8008A6635 /* ViewController.swift in Sources */,
				FA5444FB235343E8008A6635 /* AppDelegate.swift in Sources */,
				FA5444FD235343E8008A6635 /* SceneDelegate.swift in Sources */,
			);
			runOnlyForDeploymentPostprocessing = 0;
		};
		FA54450C235343EA008A6635 /* Sources */ = {
			isa = PBXSourcesBuildPhase;
			buildActionMask = 2147483647;
			files = (
				FA544515235343EA008A6635 /* CinemaTests.swift in Sources */,
			);
			runOnlyForDeploymentPostprocessing = 0;
		};
		FA544517235343EA008A6635 /* Sources */ = {
			isa = PBXSourcesBuildPhase;
			buildActionMask = 2147483647;
			files = (
				FA544520235343EA008A6635 /* CinemaUITests.swift in Sources */,
			);
			runOnlyForDeploymentPostprocessing = 0;
		};
/* End PBXSourcesBuildPhase section */

/* Begin PBXTargetDependency section */
		FA544512235343EA008A6635 /* PBXTargetDependency */ = {
			isa = PBXTargetDependency;
			target = FA5444F6235343E8008A6635 /* Cinema */;
			targetProxy = FA544511235343EA008A6635 /* PBXContainerItemProxy */;
		};
		FA54451D235343EA008A6635 /* PBXTargetDependency */ = {
			isa = PBXTargetDependency;
			target = FA5444F6235343E8008A6635 /* Cinema */;
			targetProxy = FA54451C235343EA008A6635 /* PBXContainerItemProxy */;
		};
/* End PBXTargetDependency section */

/* Begin PBXVariantGroup section */
		FA544500235343E8008A6635 /* Main.storyboard */ = {
			isa = PBXVariantGroup;
			children = (
				FA544501235343E8008A6635 /* Base */,
			);
			name = Main.storyboard;
			sourceTree = "<group>";
		};
		FA544508235343EA008A6635 /* LaunchScreen.storyboard */ = {
			isa = PBXVariantGroup;
			children = (
				FA544509235343EA008A6635 /* Base */,
			);
			name = LaunchScreen.storyboard;
			sourceTree = "<group>";
		};
/* End PBXVariantGroup section */

/* Begin XCBuildConfiguration section */
		FA544522235343EA008A6635 /* Debug */ = {
			isa = XCBuildConfiguration;
			buildSettings = {
				ALWAYS_SEARCH_USER_PATHS = NO;
				CLANG_ANALYZER_NONNULL = YES;
				CLANG_ANALYZER_NUMBER_OBJECT_CONVERSION = YES_AGGRESSIVE;
				CLANG_CXX_LANGUAGE_STANDARD = "gnu++14";
				CLANG_CXX_LIBRARY = "libc++";
				CLANG_ENABLE_MODULES = YES;
				CLANG_ENABLE_OBJC_ARC = YES;
				CLANG_ENABLE_OBJC_WEAK = YES;
				CLANG_WARN_BLOCK_CAPTURE_AUTORELEASING = YES;
				CLANG_WARN_BOOL_CONVERSION = YES;
				CLANG_WARN_COMMA = YES;
				CLANG_WARN_CONSTANT_CONVERSION = YES;
				CLANG_WARN_DEPRECATED_OBJC_IMPLEMENTATIONS = YES;
				CLANG_WARN_DIRECT_OBJC_ISA_USAGE = YES_ERROR;
				CLANG_WARN_DOCUMENTATION_COMMENTS = YES;
				CLANG_WARN_EMPTY_BODY = YES;
				CLANG_WARN_ENUM_CONVERSION = YES;
				CLANG_WARN_INFINITE_RECURSION = YES;
				CLANG_WARN_INT_CONVERSION = YES;
				CLANG_WARN_NON_LITERAL_NULL_CONVERSION = YES;
				CLANG_WARN_OBJC_IMPLICIT_RETAIN_SELF = YES;
				CLANG_WARN_OBJC_LITERAL_CONVERSION = YES;
				CLANG_WARN_OBJC_ROOT_CLASS = YES_ERROR;
				CLANG_WARN_RANGE_LOOP_ANALYSIS = YES;
				CLANG_WARN_STRICT_PROTOTYPES = YES;
				CLANG_WARN_SUSPICIOUS_MOVE = YES;
				CLANG_WARN_UNGUARDED_AVAILABILITY = YES_AGGRESSIVE;
				CLANG_WARN_UNREACHABLE_CODE = YES;
				CLANG_WARN__DUPLICATE_METHOD_MATCH = YES;
				COPY_PHASE_STRIP = NO;
				DEBUG_INFORMATION_FORMAT = dwarf;
				ENABLE_STRICT_OBJC_MSGSEND = YES;
				ENABLE_TESTABILITY = YES;
				GCC_C_LANGUAGE_STANDARD = gnu11;
				GCC_DYNAMIC_NO_PIC = NO;
				GCC_NO_COMMON_BLOCKS = YES;
				GCC_OPTIMIZATION_LEVEL = 0;
				GCC_PREPROCESSOR_DEFINITIONS = (
					"DEBUG=1",
					"$(inherited)",
				);
				GCC_WARN_64_TO_32_BIT_CONVERSION = YES;
				GCC_WARN_ABOUT_RETURN_TYPE = YES_ERROR;
				GCC_WARN_UNDECLARED_SELECTOR = YES;
				GCC_WARN_UNINITIALIZED_AUTOS = YES_AGGRESSIVE;
				GCC_WARN_UNUSED_FUNCTION = YES;
				GCC_WARN_UNUSED_VARIABLE = YES;
				IPHONEOS_DEPLOYMENT_TARGET = 13.0;
				MTL_ENABLE_DEBUG_INFO = INCLUDE_SOURCE;
				MTL_FAST_MATH = YES;
				ONLY_ACTIVE_ARCH = YES;
				SDKROOT = iphoneos;
				SWIFT_ACTIVE_COMPILATION_CONDITIONS = DEBUG;
				SWIFT_OPTIMIZATION_LEVEL = "-Onone";
			};
			name = Debug;
		};
		FA544523235343EA008A6635 /* Release */ = {
			isa = XCBuildConfiguration;
			buildSettings = {
				ALWAYS_SEARCH_USER_PATHS = NO;
				CLANG_ANALYZER_NONNULL = YES;
				CLANG_ANALYZER_NUMBER_OBJECT_CONVERSION = YES_AGGRESSIVE;
				CLANG_CXX_LANGUAGE_STANDARD = "gnu++14";
				CLANG_CXX_LIBRARY = "libc++";
				CLANG_ENABLE_MODULES = YES;
				CLANG_ENABLE_OBJC_ARC = YES;
				CLANG_ENABLE_OBJC_WEAK = YES;
				CLANG_WARN_BLOCK_CAPTURE_AUTORELEASING = YES;
				CLANG_WARN_BOOL_CONVERSION = YES;
				CLANG_WARN_COMMA = YES;
				CLANG_WARN_CONSTANT_CONVERSION = YES;
				CLANG_WARN_DEPRECATED_OBJC_IMPLEMENTATIONS = YES;
				CLANG_WARN_DIRECT_OBJC_ISA_USAGE = YES_ERROR;
				CLANG_WARN_DOCUMENTATION_COMMENTS = YES;
				CLANG_WARN_EMPTY_BODY = YES;
				CLANG_WARN_ENUM_CONVERSION = YES;
				CLANG_WARN_INFINITE_RECURSION = YES;
				CLANG_WARN_INT_CONVERSION = YES;
				CLANG_WARN_NON_LITERAL_NULL_CONVERSION = YES;
				CLANG_WARN_OBJC_IMPLICIT_RETAIN_SELF = YES;
				CLANG_WARN_OBJC_LITERAL_CONVERSION = YES;
				CLANG_WARN_OBJC_ROOT_CLASS = YES_ERROR;
				CLANG_WARN_RANGE_LOOP_ANALYSIS = YES;
				CLANG_WARN_STRICT_PROTOTYPES = YES;
				CLANG_WARN_SUSPICIOUS_MOVE = YES;
				CLANG_WARN_UNGUARDED_AVAILABILITY = YES_AGGRESSIVE;
				CLANG_WARN_UNREACHABLE_CODE = YES;
				CLANG_WARN__DUPLICATE_METHOD_MATCH = YES;
				COPY_PHASE_STRIP = NO;
				DEBUG_INFORMATION_FORMAT = "dwarf-with-dsym";
				ENABLE_NS_ASSERTIONS = NO;
				ENABLE_STRICT_OBJC_MSGSEND = YES;
				GCC_C_LANGUAGE_STANDARD = gnu11;
				GCC_NO_COMMON_BLOCKS = YES;
				GCC_WARN_64_TO_32_BIT_CONVERSION = YES;
				GCC_WARN_ABOUT_RETURN_TYPE = YES_ERROR;
				GCC_WARN_UNDECLARED_SELECTOR = YES;
				GCC_WARN_UNINITIALIZED_AUTOS = YES_AGGRESSIVE;
				GCC_WARN_UNUSED_FUNCTION = YES;
				GCC_WARN_UNUSED_VARIABLE = YES;
				IPHONEOS_DEPLOYMENT_TARGET = 13.0;
				MTL_ENABLE_DEBUG_INFO = NO;
				MTL_FAST_MATH = YES;
				SDKROOT = iphoneos;
				SWIFT_COMPILATION_MODE = wholemodule;
				SWIFT_OPTIMIZATION_LEVEL = "-O";
				VALIDATE_PRODUCT = YES;
			};
			name = Release;
		};
		FA544525235343EA008A6635 /* Debug */ = {
			isa = XCBuildConfiguration;
			buildSettings = {
				ASSETCATALOG_COMPILER_APPICON_NAME = AppIcon;
				CODE_SIGN_STYLE = Automatic;
				INFOPLIST_FILE = Cinema/Info.plist;
				LD_RUNPATH_SEARCH_PATHS = (
					"$(inherited)",
					"@executable_path/Frameworks",
				);
				PRODUCT_BUNDLE_IDENTIFIER = com.alexthgil.Cinema;
				PRODUCT_NAME = "$(TARGET_NAME)";
				SWIFT_VERSION = 5.0;
				TARGETED_DEVICE_FAMILY = "1,2";
			};
			name = Debug;
		};
		FA544526235343EA008A6635 /* Release */ = {
			isa = XCBuildConfiguration;
			buildSettings = {
				ASSETCATALOG_COMPILER_APPICON_NAME = AppIcon;
				CODE_SIGN_STYLE = Automatic;
				INFOPLIST_FILE = Cinema/Info.plist;
				LD_RUNPATH_SEARCH_PATHS = (
					"$(inherited)",
					"@executable_path/Frameworks",
				);
				PRODUCT_BUNDLE_IDENTIFIER = com.alexthgil.Cinema;
				PRODUCT_NAME = "$(TARGET_NAME)";
				SWIFT_VERSION = 5.0;
				TARGETED_DEVICE_FAMILY = "1,2";
			};
			name = Release;
		};
		FA544528235343EA008A6635 /* Debug */ = {
			isa = XCBuildConfiguration;
			buildSettings = {
				ALWAYS_EMBED_SWIFT_STANDARD_LIBRARIES = YES;
				BUNDLE_LOADER = "$(TEST_HOST)";
				CODE_SIGN_STYLE = Automatic;
				INFOPLIST_FILE = CinemaTests/Info.plist;
				IPHONEOS_DEPLOYMENT_TARGET = 13.0;
				LD_RUNPATH_SEARCH_PATHS = (
					"$(inherited)",
					"@executable_path/Frameworks",
					"@loader_path/Frameworks",
				);
				PRODUCT_BUNDLE_IDENTIFIER = com.alexthgil.CinemaTests;
				PRODUCT_NAME = "$(TARGET_NAME)";
				SWIFT_VERSION = 5.0;
				TARGETED_DEVICE_FAMILY = "1,2";
				TEST_HOST = "$(BUILT_PRODUCTS_DIR)/Cinema.app/Cinema";
			};
			name = Debug;
		};
		FA544529235343EA008A6635 /* Release */ = {
			isa = XCBuildConfiguration;
			buildSettings = {
				ALWAYS_EMBED_SWIFT_STANDARD_LIBRARIES = YES;
				BUNDLE_LOADER = "$(TEST_HOST)";
				CODE_SIGN_STYLE = Automatic;
				INFOPLIST_FILE = CinemaTests/Info.plist;
				IPHONEOS_DEPLOYMENT_TARGET = 13.0;
				LD_RUNPATH_SEARCH_PATHS = (
					"$(inherited)",
					"@executable_path/Frameworks",
					"@loader_path/Frameworks",
				);
				PRODUCT_BUNDLE_IDENTIFIER = com.alexthgil.CinemaTests;
				PRODUCT_NAME = "$(TARGET_NAME)";
				SWIFT_VERSION = 5.0;
				TARGETED_DEVICE_FAMILY = "1,2";
				TEST_HOST = "$(BUILT_PRODUCTS_DIR)/Cinema.app/Cinema";
			};
			name = Release;
		};
		FA54452B235343EA008A6635 /* Debug */ = {
			isa = XCBuildConfiguration;
			buildSettings = {
				ALWAYS_EMBED_SWIFT_STANDARD_LIBRARIES = YES;
				CODE_SIGN_STYLE = Automatic;
				INFOPLIST_FILE = CinemaUITests/Info.plist;
				LD_RUNPATH_SEARCH_PATHS = (
					"$(inherited)",
					"@executable_path/Frameworks",
					"@loader_path/Frameworks",
				);
				PRODUCT_BUNDLE_IDENTIFIER = com.alexthgil.CinemaUITests;
				PRODUCT_NAME = "$(TARGET_NAME)";
				SWIFT_VERSION = 5.0;
				TARGETED_DEVICE_FAMILY = "1,2";
				TEST_TARGET_NAME = Cinema;
			};
			name = Debug;
		};
		FA54452C235343EA008A6635 /* Release */ = {
			isa = XCBuildConfiguration;
			buildSettings = {
				ALWAYS_EMBED_SWIFT_STANDARD_LIBRARIES = YES;
				CODE_SIGN_STYLE = Automatic;
				INFOPLIST_FILE = CinemaUITests/Info.plist;
				LD_RUNPATH_SEARCH_PATHS = (
					"$(inherited)",
					"@executable_path/Frameworks",
					"@loader_path/Frameworks",
				);
				PRODUCT_BUNDLE_IDENTIFIER = com.alexthgil.CinemaUITests;
				PRODUCT_NAME = "$(TARGET_NAME)";
				SWIFT_VERSION = 5.0;
				TARGETED_DEVICE_FAMILY = "1,2";
				TEST_TARGET_NAME = Cinema;
			};
			name = Release;
		};
/* End XCBuildConfiguration section */

/* Begin XCConfigurationList section */
		FA5444F2235343E8008A6635 /* Build configuration list for PBXProject "Cinema" */ = {
			isa = XCConfigurationList;
			buildConfigurations = (
				FA544522235343EA008A6635 /* Debug */,
				FA544523235343EA008A6635 /* Release */,
			);
			defaultConfigurationIsVisible = 0;
			defaultConfigurationName = Release;
		};
		FA544524235343EA008A6635 /* Build configuration list for PBXNativeTarget "Cinema" */ = {
			isa = XCConfigurationList;
			buildConfigurations = (
				FA544525235343EA008A6635 /* Debug */,
				FA544526235343EA008A6635 /* Release */,
			);
			defaultConfigurationIsVisible = 0;
			defaultConfigurationName = Release;
		};
		FA544527235343EA008A6635 /* Build configuration list for PBXNativeTarget "CinemaTests" */ = {
			isa = XCConfigurationList;
			buildConfigurations = (
				FA544528235343EA008A6635 /* Debug */,
				FA544529235343EA008A6635 /* Release */,
			);
			defaultConfigurationIsVisible = 0;
			defaultConfigurationName = Release;
		};
		FA54452A235343EA008A6635 /* Build configuration list for PBXNativeTarget "CinemaUITests" */ = {
			isa = XCConfigurationList;
			buildConfigurations = (
				FA54452B235343EA008A6635 /* Debug */,
				FA54452C235343EA008A6635 /* Release */,
			);
			defaultConfigurationIsVisible = 0;
			defaultConfigurationName = Release;
		};
/* End XCConfigurationList section */

/* Begin XCVersionGroup section */
		FA544503235343E8008A6635 /* Cinema.xcdatamodeld */ = {
			isa = XCVersionGroup;
			children = (
				FA544504235343E8008A6635 /* Cinema.xcdatamodel */,
			);
			currentVersion = FA544504235343E8008A6635 /* Cinema.xcdatamodel */;
			path = Cinema.xcdatamodeld;
			sourceTree = "<group>";
			versionGroupType = wrapper.xcdatamodel;
		};
/* End XCVersionGroup section */
	};
	rootObject = FA5444EF235343E8008A6635 /* Project object */;
}
